
Microsoft Visual Studio Solution File, Format Version 12.00
# Visual Studio Version 16
VisualStudioVersion = 16.0.30114.105
MinimumVisualStudioVersion = 10.0.40219.1
Project("{FAE04EC0-301F-11D3-BF4B-00C04F79EFBC}") = "XamarinHelloWorld.Android", "XamarinHelloWorld\XamarinHelloWorld.Android\XamarinHelloWorld.Android.csproj", "{A279B4BA-2CFE-4AFF-9D21-9BBEF96C55D9}"
EndProject
Project("{FAE04EC0-301F-11D3-BF4B-00C04F79EFBC}") = "XamarinHelloWorld.iOS", "XamarinHelloWorld\XamarinHelloWorld.iOS\XamarinHelloWorld.iOS.csproj", "{328F71AB-30DD-45BA-B6CE-DEDCE1C212BD}"
EndProject
Project("{FAE04EC0-301F-11D3-BF4B-00C04F79EFBC}") = "XamarinHelloWorld.Web", "XamarinHelloWorld\XamarinHelloWorld.Web\XamarinHelloWorld.Web.csproj", "{2ECB97AA-1CD3-43BA-B51C-F847CB7955E5}"
EndProject
Project("{FAE04EC0-301F-11D3-BF4B-00C04F79EFBC}") = "XamarinHelloWorld", "XamarinHelloWorld\XamarinHelloWorld\XamarinHelloWorld.csproj", "{DB4AA8C3-1804-4ABE-947E-C2E7AB0B464A}"
EndProject
Global
	GlobalSection(SolutionConfigurationPlatforms) = preSolution
		Debug|Any CPU = Debug|Any CPU
		Debug|iPhone = Debug|iPhone
		Debug|iPhoneSimulator = Debug|iPhoneSimulator
		Release|Any CPU = Release|Any CPU
		Release|iPhone = Release|iPhone
		Release|iPhoneSimulator = Release|iPhoneSimulator
	EndGlobalSection
	GlobalSection(ProjectConfigurationPlatforms) = postSolution
		{A279B4BA-2CFE-4AFF-9D21-9BBEF96C55D9}.Debug|Any CPU.ActiveCfg = Debug|Any CPU
		{A279B4BA-2CFE-4AFF-9D21-9BBEF96C55D9}.Debug|Any CPU.Build.0 = Debug|Any CPU
		{A279B4BA-2CFE-4AFF-9D21-9BBEF96C55D9}.Debug|Any CPU.Deploy.0 = Debug|Any CPU
		{A279B4BA-2CFE-4AFF-9D21-9BBEF96C55D9}.Debug|iPhone.ActiveCfg = Debug|Any CPU
		{A279B4BA-2CFE-4AFF-9D21-9BBEF96C55D9}.Debug|iPhone.Build.0 = Debug|Any CPU
		{A279B4BA-2CFE-4AFF-9D21-9BBEF96C55D9}.Debug|iPhone.Deploy.0 = Debug|Any CPU
		{A279B4BA-2CFE-4AFF-9D21-9BBEF96C55D9}.Debug|iPhoneSimulator.ActiveCfg = Debug|Any CPU
		{A279B4BA-2CFE-4AFF-9D21-9BBEF96C55D9}.Debug|iPhoneSimulator.Build.0 = Debug|Any CPU
		{A279B4BA-2CFE-4AFF-9D21-9BBEF96C55D9}.Debug|iPhoneSimulator.Deploy.0 = Debug|Any CPU
		{A279B4BA-2CFE-4AFF-9D21-9BBEF96C55D9}.Release|Any CPU.ActiveCfg = Release|Any CPU
		{A279B4BA-2CFE-4AFF-9D21-9BBEF96C55D9}.Release|Any CPU.Build.0 = Release|Any CPU
		{A279B4BA-2CFE-4AFF-9D21-9BBEF96C55D9}.Release|Any CPU.Deploy.0 = Release|Any CPU
		{A279B4BA-2CFE-4AFF-9D21-9BBEF96C55D9}.Release|iPhone.ActiveCfg = Release|Any CPU
		{A279B4BA-2CFE-4AFF-9D21-9BBEF96C55D9}.Release|iPhone.Build.0 = Release|Any CPU
		{A279B4BA-2CFE-4AFF-9D21-9BBEF96C55D9}.Release|iPhone.Deploy.0 = Release|Any CPU
		{A279B4BA-2CFE-4AFF-9D21-9BBEF96C55D9}.Release|iPhoneSimulator.ActiveCfg = Release|Any CPU
		{A279B4BA-2CFE-4AFF-9D21-9BBEF96C55D9}.Release|iPhoneSimulator.Build.0 = Release|Any CPU
		{A279B4BA-2CFE-4AFF-9D21-9BBEF96C55D9}.Release|iPhoneSimulator.Deploy.0 = Release|Any CPU
		{328F71AB-30DD-45BA-B6CE-DEDCE1C212BD}.Debug|Any CPU.ActiveCfg = Debug|iPhone
		{328F71AB-30DD-45BA-B6CE-DEDCE1C212BD}.Debug|Any CPU.Build.0 = Debug|iPhone
		{328F71AB-30DD-45BA-B6CE-DEDCE1C212BD}.Debug|Any CPU.Deploy.0 = Debug|iPhone
		{328F71AB-30DD-45BA-B6CE-DEDCE1C212BD}.Debug|iPhone.ActiveCfg = Debug|iPhone
		{328F71AB-30DD-45BA-B6CE-DEDCE1C212BD}.Debug|iPhone.Build.0 = Debug|iPhone
		{328F71AB-30DD-45BA-B6CE-DEDCE1C212BD}.Debug|iPhone.Deploy.0 = Debug|iPhone
		{328F71AB-30DD-45BA-B6CE-DEDCE1C212BD}.Debug|iPhoneSimulator.ActiveCfg = Debug|iPhoneSimulator
		{328F71AB-30DD-45BA-B6CE-DEDCE1C212BD}.Debug|iPhoneSimulator.Build.0 = Debug|iPhoneSimulator
		{328F71AB-30DD-45BA-B6CE-DEDCE1C212BD}.Debug|iPhoneSimulator.Deploy.0 = Debug|iPhoneSimulator
		{328F71AB-30DD-45BA-B6CE-DEDCE1C212BD}.Release|Any CPU.ActiveCfg = Release|iPhone
		{328F71AB-30DD-45BA-B6CE-DEDCE1C212BD}.Release|Any CPU.Build.0 = Release|iPhone
		{328F71AB-30DD-45BA-B6CE-DEDCE1C212BD}.Release|Any CPU.Deploy.0 = Release|iPhone
		{328F71AB-30DD-45BA-B6CE-DEDCE1C212BD}.Release|iPhone.ActiveCfg = Release|iPhone
		{328F71AB-30DD-45BA-B6CE-DEDCE1C212BD}.Release|iPhone.Build.0 = Release|iPhone
		{328F71AB-30DD-45BA-B6CE-DEDCE1C212BD}.Release|iPhone.Deploy.0 = Release|iPhone
		{328F71AB-30DD-45BA-B6CE-DEDCE1C212BD}.Release|iPhoneSimulator.ActiveCfg = Release|iPhoneSimulator
		{328F71AB-30DD-45BA-B6CE-DEDCE1C212BD}.Release|iPhoneSimulator.Build.0 = Release|iPhoneSimulator
		{328F71AB-30DD-45BA-B6CE-DEDCE1C212BD}.Release|iPhoneSimulator.Deploy.0 = Release|iPhoneSimulator
		{2ECB97AA-1CD3-43BA-B51C-F847CB7955E5}.Debug|Any CPU.ActiveCfg = Debug|Any CPU
		{2ECB97AA-1CD3-43BA-B51C-F847CB7955E5}.Debug|Any CPU.Build.0 = Debug|Any CPU
		{2ECB97AA-1CD3-43BA-B51C-F847CB7955E5}.Debug|Any CPU.Deploy.0 = Debug|Any CPU
		{2ECB97AA-1CD3-43BA-B51C-F847CB7955E5}.Debug|iPhone.ActiveCfg = Debug|Any CPU
		{2ECB97AA-1CD3-43BA-B51C-F847CB7955E5}.Debug|iPhone.Build.0 = Debug|Any CPU
		{2ECB97AA-1CD3-43BA-B51C-F847CB7955E5}.Debug|iPhone.Deploy.0 = Debug|Any CPU
		{2ECB97AA-1CD3-43BA-B51C-F847CB7955E5}.Debug|iPhoneSimulator.ActiveCfg = Debug|Any CPU
		{2ECB97AA-1CD3-43BA-B51C-F847CB7955E5}.Debug|iPhoneSimulator.Build.0 = Debug|Any CPU
		{2ECB97AA-1CD3-43BA-B51C-F847CB7955E5}.Debug|iPhoneSimulator.Deploy.0 = Debug|Any CPU
		{2ECB97AA-1CD3-43BA-B51C-F847CB7955E5}.Release|Any CPU.ActiveCfg = Release|Any CPU
		{2ECB97AA-1CD3-43BA-B51C-F847CB7955E5}.Release|Any CPU.Build.0 = Release|Any CPU
		{2ECB97AA-1CD3-43BA-B51C-F847CB7955E5}.Release|Any CPU.Deploy.0 = Release|Any CPU
		{2ECB97AA-1CD3-43BA-B51C-F847CB7955E5}.Release|iPhone.ActiveCfg = Release|Any CPU
		{2ECB97AA-1CD3-43BA-B51C-F847CB7955E5}.Release|iPhone.Build.0 = Release|Any CPU
		{2ECB97AA-1CD3-43BA-B51C-F847CB7955E5}.Release|iPhone.Deploy.0 = Release|Any CPU
		{2ECB97AA-1CD3-43BA-B51C-F847CB7955E5}.Release|iPhoneSimulator.ActiveCfg = Release|Any CPU
		{2ECB97AA-1CD3-43BA-B51C-F847CB7955E5}.Release|iPhoneSimulator.Build.0 = Release|Any CPU
		{2ECB97AA-1CD3-43BA-B51C-F847CB7955E5}.Release|iPhoneSimulator.Deploy.0 = Release|Any CPU
		{DB4AA8C3-1804-4ABE-947E-C2E7AB0B464A}.Debug|Any CPU.ActiveCfg = Debug|Any CPU
		{DB4AA8C3-1804-4ABE-947E-C2E7AB0B464A}.Debug|Any CPU.Build.0 = Debug|Any CPU
		{DB4AA8C3-1804-4ABE-947E-C2E7AB0B464A}.Debug|Any CPU.Deploy.0 = Debug|Any CPU
		{DB4AA8C3-1804-4ABE-947E-C2E7AB0B464A}.Debug|iPhone.ActiveCfg = Debug|Any CPU
		{DB4AA8C3-1804-4ABE-947E-C2E7AB0B464A}.Debug|iPhone.Build.0 = Debug|Any CPU
		{DB4AA8C3-1804-4ABE-947E-C2E7AB0B464A}.Debug|iPhone.Deploy.0 = Debug|Any CPU
		{DB4AA8C3-1804-4ABE-947E-C2E7AB0B464A}.Debug|iPhoneSimulator.ActiveCfg = Debug|Any CPU
		{DB4AA8C3-1804-4ABE-947E-C2E7AB0B464A}.Debug|iPhoneSimulator.Build.0 = Debug|Any CPU
		{DB4AA8C3-1804-4ABE-947E-C2E7AB0B464A}.Debug|iPhoneSimulator.Deploy.0 = Debug|Any CPU
		{DB4AA8C3-1804-4ABE-947E-C2E7AB0B464A}.Release|Any CPU.ActiveCfg = Release|Any CPU
		{DB4AA8C3-1804-4ABE-947E-C2E7AB0B464A}.Release|Any CPU.Build.0 = Release|Any CPU
		{DB4AA8C3-1804-4ABE-947E-C2E7AB0B464A}.Release|Any CPU.Deploy.0 = Release|Any CPU
		{DB4AA8C3-1804-4ABE-947E-C2E7AB0B464A}.Release|iPhone.ActiveCfg = Release|Any CPU
		{DB4AA8C3-1804-4ABE-947E-C2E7AB0B464A}.Release|iPhone.Build.0 = Release|Any CPU
		{DB4AA8C3-1804-4ABE-947E-C2E7AB0B464A}.Release|iPhone.Deploy.0 = Release|Any CPU
		{DB4AA8C3-1804-4ABE-947E-C2E7AB0B464A}.Release|iPhoneSimulator.ActiveCfg = Release|Any CPU
		{DB4AA8C3-1804-4ABE-947E-C2E7AB0B464A}.Release|iPhoneSimulator.Build.0 = Release|Any CPU
		{DB4AA8C3-1804-4ABE-947E-C2E7AB0B464A}.Release|iPhoneSimulator.Deploy.0 = Release|Any CPU
	EndGlobalSection
	GlobalSection(SolutionProperties) = preSolution
		HideSolutionNode = FALSE
	EndGlobalSection
	GlobalSection(ExtensibilityGlobals) = postSolution
		SolutionGuid = {1D60CEBC-6B04-4AB3-8FB0-33F49ADFBA19}
	EndGlobalSection
EndGlobal
